
Microsoft Visual Studio Solution File, Format Version 12.00
# Visual Studio 15
VisualStudioVersion = 15.0.28307.1321
MinimumVisualStudioVersion = 10.0.40219.1
Project("{FAE04EC0-301F-11D3-BF4B-00C04F79EFBC}") = "ABKRuleBook", "ABKRuleBook\ABKRuleBook.csproj", "{70A8F9ED-8A9D-4926-8098-AABB7C73FF5C}"
EndProject
Global
	GlobalSection(SolutionConfigurationPlatforms) = preSolution
		Debug|Any CPU = Debug|Any CPU
		Release|Any CPU = Release|Any CPU
	EndGlobalSection
	GlobalSection(ProjectConfigurationPlatforms) = postSolution
		{70A8F9ED-8A9D-4926-8098-AABB7C73FF5C}.Debug|Any CPU.ActiveCfg = Debug|Any CPU
		{70A8F9ED-8A9D-4926-8098-AABB7C73FF5C}.Debug|Any CPU.Build.0 = Debug|Any CPU
		{70A8F9ED-8A9D-4926-8098-AABB7C73FF5C}.Release|Any CPU.ActiveCfg = Release|Any CPU
		{70A8F9ED-8A9D-4926-8098-AABB7C73FF5C}.Release|Any CPU.Build.0 = Release|Any CPU
	EndGlobalSection
	GlobalSection(SolutionProperties) = preSolution
		HideSolutionNode = FALSE
	EndGlobalSection
	GlobalSection(ExtensibilityGlobals) = postSolution
		SolutionGuid = {643D3233-A521-4A26-86F7-9058BF337149}
	EndGlobalSection
EndGlobal
